
Microsoft Visual Studio Solution File, Format Version 12.00
# Visual Studio Version 17
VisualStudioVersion = 17.13.35931.197 d17.13
MinimumVisualStudioVersion = 10.0.40219.1
Project("{FAE04EC0-301F-11D3-BF4B-00C04F79EFBC}") = "b-tech", "b-tech.csproj", "{D2FD70DB-7659-4D08-858C-82D24F41A919}"
EndProject
Global
	GlobalSection(SolutionConfigurationPlatforms) = preSolution
		Debug|Any CPU = Debug|Any CPU
		Release|Any CPU = Release|Any CPU
	EndGlobalSection
	GlobalSection(ProjectConfigurationPlatforms) = postSolution
		{D2FD70DB-7659-4D08-858C-82D24F41A919}.Debug|Any CPU.ActiveCfg = Debug|Any CPU
		{D2FD70DB-7659-4D08-858C-82D24F41A919}.Debug|Any CPU.Build.0 = Debug|Any CPU
		{D2FD70DB-7659-4D08-858C-82D24F41A919}.Release|Any CPU.ActiveCfg = Release|Any CPU
		{D2FD70DB-7659-4D08-858C-82D24F41A919}.Release|Any CPU.Build.0 = Release|Any CPU
	EndGlobalSection
	GlobalSection(SolutionProperties) = preSolution
		HideSolutionNode = FALSE
	EndGlobalSection
	GlobalSection(ExtensibilityGlobals) = postSolution
		SolutionGuid = {009D0C09-E4DB-41E3-94FA-3F41447AC494}
	EndGlobalSection
EndGlobal
